
Microsoft Visual Studio Solution File, Format Version 12.00
# Visual Studio Version 16
VisualStudioVersion = 16.0.32002.261
MinimumVisualStudioVersion = 10.0.40219.1
Project("{FAE04EC0-301F-11D3-BF4B-00C04F79EFBC}") = "sanjusjk.web.api", "sanjusjk.web.api\sanjusjk.web.api.csproj", "{6295EF8A-E16D-4C93-B729-C492870AAA2E}"
EndProject
Global
	GlobalSection(SolutionConfigurationPlatforms) = preSolution
		Debug|Any CPU = Debug|Any CPU
		Release|Any CPU = Release|Any CPU
	EndGlobalSection
	GlobalSection(ProjectConfigurationPlatforms) = postSolution
		{6295EF8A-E16D-4C93-B729-C492870AAA2E}.Debug|Any CPU.ActiveCfg = Debug|Any CPU
		{6295EF8A-E16D-4C93-B729-C492870AAA2E}.Debug|Any CPU.Build.0 = Debug|Any CPU
		{6295EF8A-E16D-4C93-B729-C492870AAA2E}.Release|Any CPU.ActiveCfg = Release|Any CPU
		{6295EF8A-E16D-4C93-B729-C492870AAA2E}.Release|Any CPU.Build.0 = Release|Any CPU
	EndGlobalSection
	GlobalSection(SolutionProperties) = preSolution
		HideSolutionNode = FALSE
	EndGlobalSection
	GlobalSection(ExtensibilityGlobals) = postSolution
		SolutionGuid = {E3FEC602-F9BF-4E1D-B12D-6AFE5C8B7C53}
	EndGlobalSection
EndGlobal
